
Microsoft Visual Studio Solution File, Format Version 12.00
# Visual Studio 15
VisualStudioVersion = 15.0.26403.3
MinimumVisualStudioVersion = 10.0.40219.1
Project("{FAE04EC0-301F-11D3-BF4B-00C04F79EFBC}") = "MarsColony2030.Android", "MarsColony2030\MarsColony2030.Android\MarsColony2030.Android.csproj", "{8DE82937-4B06-4148-89EC-C8BEF47318B3}"
EndProject
Project("{FAE04EC0-301F-11D3-BF4B-00C04F79EFBC}") = "MarsColony2030", "MarsColony2030\MarsColony2030\MarsColony2030.csproj", "{C1A6268D-31A4-4397-8AD1-350C2E743F1E}"
EndProject
Project("{FAE04EC0-301F-11D3-BF4B-00C04F79EFBC}") = "MarsColony2030.UWP", "MarsColony2030\MarsColony2030.UWP\MarsColony2030.UWP.csproj", "{F37C854C-5577-48E2-8303-7397D3C778B9}"
EndProject
Project("{FAE04EC0-301F-11D3-BF4B-00C04F79EFBC}") = "MarsColony2030.iOS", "MarsColony2030\MarsColony2030.iOS\MarsColony2030.iOS.csproj", "{5CB66401-8C3C-49BD-A105-CA3A9288D616}"
EndProject
Global
	GlobalSection(SolutionConfigurationPlatforms) = preSolution
		Ad-Hoc|Any CPU = Ad-Hoc|Any CPU
		Ad-Hoc|ARM = Ad-Hoc|ARM
		Ad-Hoc|iPhone = Ad-Hoc|iPhone
		Ad-Hoc|iPhoneSimulator = Ad-Hoc|iPhoneSimulator
		Ad-Hoc|x64 = Ad-Hoc|x64
		Ad-Hoc|x86 = Ad-Hoc|x86
		AppStore|Any CPU = AppStore|Any CPU
		AppStore|ARM = AppStore|ARM
		AppStore|iPhone = AppStore|iPhone
		AppStore|iPhoneSimulator = AppStore|iPhoneSimulator
		AppStore|x64 = AppStore|x64
		AppStore|x86 = AppStore|x86
		Debug|Any CPU = Debug|Any CPU
		Debug|ARM = Debug|ARM
		Debug|iPhone = Debug|iPhone
		Debug|iPhoneSimulator = Debug|iPhoneSimulator
		Debug|x64 = Debug|x64
		Debug|x86 = Debug|x86
		Release|Any CPU = Release|Any CPU
		Release|ARM = Release|ARM
		Release|iPhone = Release|iPhone
		Release|iPhoneSimulator = Release|iPhoneSimulator
		Release|x64 = Release|x64
		Release|x86 = Release|x86
	EndGlobalSection
	GlobalSection(ProjectConfigurationPlatforms) = postSolution
		{8DE82937-4B06-4148-89EC-C8BEF47318B3}.Ad-Hoc|Any CPU.ActiveCfg = Release|Any CPU
		{8DE82937-4B06-4148-89EC-C8BEF47318B3}.Ad-Hoc|Any CPU.Build.0 = Release|Any CPU
		{8DE82937-4B06-4148-89EC-C8BEF47318B3}.Ad-Hoc|Any CPU.Deploy.0 = Release|Any CPU
		{8DE82937-4B06-4148-89EC-C8BEF47318B3}.Ad-Hoc|ARM.ActiveCfg = Release|Any CPU
		{8DE82937-4B06-4148-89EC-C8BEF47318B3}.Ad-Hoc|ARM.Build.0 = Release|Any CPU
		{8DE82937-4B06-4148-89EC-C8BEF47318B3}.Ad-Hoc|ARM.Deploy.0 = Release|Any CPU
		{8DE82937-4B06-4148-89EC-C8BEF47318B3}.Ad-Hoc|iPhone.ActiveCfg = Release|Any CPU
		{8DE82937-4B06-4148-89EC-C8BEF47318B3}.Ad-Hoc|iPhone.Build.0 = Release|Any CPU
		{8DE82937-4B06-4148-89EC-C8BEF47318B3}.Ad-Hoc|iPhone.Deploy.0 = Release|Any CPU
		{8DE82937-4B06-4148-89EC-C8BEF47318B3}.Ad-Hoc|iPhoneSimulator.ActiveCfg = Release|Any CPU
		{8DE82937-4B06-4148-89EC-C8BEF47318B3}.Ad-Hoc|iPhoneSimulator.Build.0 = Release|Any CPU
		{8DE82937-4B06-4148-89EC-C8BEF47318B3}.Ad-Hoc|iPhoneSimulator.Deploy.0 = Release|Any CPU
		{8DE82937-4B06-4148-89EC-C8BEF47318B3}.Ad-Hoc|x64.ActiveCfg = Release|Any CPU
		{8DE82937-4B06-4148-89EC-C8BEF47318B3}.Ad-Hoc|x64.Build.0 = Release|Any CPU
		{8DE82937-4B06-4148-89EC-C8BEF47318B3}.Ad-Hoc|x64.Deploy.0 = Release|Any CPU
		{8DE82937-4B06-4148-89EC-C8BEF47318B3}.Ad-Hoc|x86.ActiveCfg = Release|Any CPU
		{8DE82937-4B06-4148-89EC-C8BEF47318B3}.Ad-Hoc|x86.Build.0 = Release|Any CPU
		{8DE82937-4B06-4148-89EC-C8BEF47318B3}.Ad-Hoc|x86.Deploy.0 = Release|Any CPU
		{8DE82937-4B06-4148-89EC-C8BEF47318B3}.AppStore|Any CPU.ActiveCfg = Release|Any CPU
		{8DE82937-4B06-4148-89EC-C8BEF47318B3}.AppStore|Any CPU.Build.0 = Release|Any CPU
		{8DE82937-4B06-4148-89EC-C8BEF47318B3}.AppStore|Any CPU.Deploy.0 = Release|Any CPU
		{8DE82937-4B06-4148-89EC-C8BEF47318B3}.AppStore|ARM.ActiveCfg = Release|Any CPU
		{8DE82937-4B06-4148-89EC-C8BEF47318B3}.AppStore|ARM.Build.0 = Release|Any CPU
		{8DE82937-4B06-4148-89EC-C8BEF47318B3}.AppStore|ARM.Deploy.0 = Release|Any CPU
		{8DE82937-4B06-4148-89EC-C8BEF47318B3}.AppStore|iPhone.ActiveCfg = Release|Any CPU
		{8DE82937-4B06-4148-89EC-C8BEF47318B3}.AppStore|iPhone.Build.0 = Release|Any CPU
		{8DE82937-4B06-4148-89EC-C8BEF47318B3}.AppStore|iPhone.Deploy.0 = Release|Any CPU
		{8DE82937-4B06-4148-89EC-C8BEF47318B3}.AppStore|iPhoneSimulator.ActiveCfg = Release|Any CPU
		{8DE82937-4B06-4148-89EC-C8BEF47318B3}.AppStore|iPhoneSimulator.Build.0 = Release|Any CPU
		{8DE82937-4B06-4148-89EC-C8BEF47318B3}.AppStore|iPhoneSimulator.Deploy.0 = Release|Any CPU
		{8DE82937-4B06-4148-89EC-C8BEF47318B3}.AppStore|x64.ActiveCfg = Release|Any CPU
		{8DE82937-4B06-4148-89EC-C8BEF47318B3}.AppStore|x64.Build.0 = Release|Any CPU
		{8DE82937-4B06-4148-89EC-C8BEF47318B3}.AppStore|x64.Deploy.0 = Release|Any CPU
		{8DE82937-4B06-4148-89EC-C8BEF47318B3}.AppStore|x86.ActiveCfg = Release|Any CPU
		{8DE82937-4B06-4148-89EC-C8BEF47318B3}.AppStore|x86.Build.0 = Release|Any CPU
		{8DE82937-4B06-4148-89EC-C8BEF47318B3}.AppStore|x86.Deploy.0 = Release|Any CPU
		{8DE82937-4B06-4148-89EC-C8BEF47318B3}.Debug|Any CPU.ActiveCfg = Debug|Any CPU
		{8DE82937-4B06-4148-89EC-C8BEF47318B3}.Debug|Any CPU.Build.0 = Debug|Any CPU
		{8DE82937-4B06-4148-89EC-C8BEF47318B3}.Debug|Any CPU.Deploy.0 = Debug|Any CPU
		{8DE82937-4B06-4148-89EC-C8BEF47318B3}.Debug|ARM.ActiveCfg = Debug|Any CPU
		{8DE82937-4B06-4148-89EC-C8BEF47318B3}.Debug|ARM.Build.0 = Debug|Any CPU
		{8DE82937-4B06-4148-89EC-C8BEF47318B3}.Debug|ARM.Deploy.0 = Debug|Any CPU
		{8DE82937-4B06-4148-89EC-C8BEF47318B3}.Debug|iPhone.ActiveCfg = Debug|Any CPU
		{8DE82937-4B06-4148-89EC-C8BEF47318B3}.Debug|iPhone.Build.0 = Debug|Any CPU
		{8DE82937-4B06-4148-89EC-C8BEF47318B3}.Debug|iPhone.Deploy.0 = Debug|Any CPU
		{8DE82937-4B06-4148-89EC-C8BEF47318B3}.Debug|iPhoneSimulator.ActiveCfg = Debug|Any CPU
		{8DE82937-4B06-4148-89EC-C8BEF47318B3}.Debug|iPhoneSimulator.Build.0 = Debug|Any CPU
		{8DE82937-4B06-4148-89EC-C8BEF47318B3}.Debug|iPhoneSimulator.Deploy.0 = Debug|Any CPU
		{8DE82937-4B06-4148-89EC-C8BEF47318B3}.Debug|x64.ActiveCfg = Debug|Any CPU
		{8DE82937-4B06-4148-89EC-C8BEF47318B3}.Debug|x64.Build.0 = Debug|Any CPU
		{8DE82937-4B06-4148-89EC-C8BEF47318B3}.Debug|x64.Deploy.0 = Debug|Any CPU
		{8DE82937-4B06-4148-89EC-C8BEF47318B3}.Debug|x86.ActiveCfg = Debug|Any CPU
		{8DE82937-4B06-4148-89EC-C8BEF47318B3}.Debug|x86.Build.0 = Debug|Any CPU
		{8DE82937-4B06-4148-89EC-C8BEF47318B3}.Debug|x86.Deploy.0 = Debug|Any CPU
		{8DE82937-4B06-4148-89EC-C8BEF47318B3}.Release|Any CPU.ActiveCfg = Release|Any CPU
		{8DE82937-4B06-4148-89EC-C8BEF47318B3}.Release|Any CPU.Build.0 = Release|Any CPU
		{8DE82937-4B06-4148-89EC-C8BEF47318B3}.Release|Any CPU.Deploy.0 = Release|Any CPU
		{8DE82937-4B06-4148-89EC-C8BEF47318B3}.Release|ARM.ActiveCfg = Release|Any CPU
		{8DE82937-4B06-4148-89EC-C8BEF47318B3}.Release|ARM.Build.0 = Release|Any CPU
		{8DE82937-4B06-4148-89EC-C8BEF47318B3}.Release|ARM.Deploy.0 = Release|Any CPU
		{8DE82937-4B06-4148-89EC-C8BEF47318B3}.Release|iPhone.ActiveCfg = Release|Any CPU
		{8DE82937-4B06-4148-89EC-C8BEF47318B3}.Release|iPhone.Build.0 = Release|Any CPU
		{8DE82937-4B06-4148-89EC-C8BEF47318B3}.Release|iPhone.Deploy.0 = Release|Any CPU
		{8DE82937-4B06-4148-89EC-C8BEF47318B3}.Release|iPhoneSimulator.ActiveCfg = Release|Any CPU
		{8DE82937-4B06-4148-89EC-C8BEF47318B3}.Release|iPhoneSimulator.Build.0 = Release|Any CPU
		{8DE82937-4B06-4148-89EC-C8BEF47318B3}.Release|iPhoneSimulator.Deploy.0 = Release|Any CPU
		{8DE82937-4B06-4148-89EC-C8BEF47318B3}.Release|x64.ActiveCfg = Release|Any CPU
		{8DE82937-4B06-4148-89EC-C8BEF47318B3}.Release|x64.Build.0 = Release|Any CPU
		{8DE82937-4B06-4148-89EC-C8BEF47318B3}.Release|x64.Deploy.0 = Release|Any CPU
		{8DE82937-4B06-4148-89EC-C8BEF47318B3}.Release|x86.ActiveCfg = Release|Any CPU
		{8DE82937-4B06-4148-89EC-C8BEF47318B3}.Release|x86.Build.0 = Release|Any CPU
		{8DE82937-4B06-4148-89EC-C8BEF47318B3}.Release|x86.Deploy.0 = Release|Any CPU
		{C1A6268D-31A4-4397-8AD1-350C2E743F1E}.Ad-Hoc|Any CPU.ActiveCfg = Release|Any CPU
		{C1A6268D-31A4-4397-8AD1-350C2E743F1E}.Ad-Hoc|Any CPU.Build.0 = Release|Any CPU
		{C1A6268D-31A4-4397-8AD1-350C2E743F1E}.Ad-Hoc|ARM.ActiveCfg = Release|Any CPU
		{C1A6268D-31A4-4397-8AD1-350C2E743F1E}.Ad-Hoc|ARM.Build.0 = Release|Any CPU
		{C1A6268D-31A4-4397-8AD1-350C2E743F1E}.Ad-Hoc|iPhone.ActiveCfg = Release|Any CPU
		{C1A6268D-31A4-4397-8AD1-350C2E743F1E}.Ad-Hoc|iPhone.Build.0 = Release|Any CPU
		{C1A6268D-31A4-4397-8AD1-350C2E743F1E}.Ad-Hoc|iPhoneSimulator.ActiveCfg = Release|Any CPU
		{C1A6268D-31A4-4397-8AD1-350C2E743F1E}.Ad-Hoc|iPhoneSimulator.Build.0 = Release|Any CPU
		{C1A6268D-31A4-4397-8AD1-350C2E743F1E}.Ad-Hoc|x64.ActiveCfg = Release|Any CPU
		{C1A6268D-31A4-4397-8AD1-350C2E743F1E}.Ad-Hoc|x64.Build.0 = Release|Any CPU
		{C1A6268D-31A4-4397-8AD1-350C2E743F1E}.Ad-Hoc|x86.ActiveCfg = Release|Any CPU
		{C1A6268D-31A4-4397-8AD1-350C2E743F1E}.Ad-Hoc|x86.Build.0 = Release|Any CPU
		{C1A6268D-31A4-4397-8AD1-350C2E743F1E}.AppStore|Any CPU.ActiveCfg = Release|Any CPU
		{C1A6268D-31A4-4397-8AD1-350C2E743F1E}.AppStore|Any CPU.Build.0 = Release|Any CPU
		{C1A6268D-31A4-4397-8AD1-350C2E743F1E}.AppStore|ARM.ActiveCfg = Release|Any CPU
		{C1A6268D-31A4-4397-8AD1-350C2E743F1E}.AppStore|ARM.Build.0 = Release|Any CPU
		{C1A6268D-31A4-4397-8AD1-350C2E743F1E}.AppStore|iPhone.ActiveCfg = Release|Any CPU
		{C1A6268D-31A4-4397-8AD1-350C2E743F1E}.AppStore|iPhone.Build.0 = Release|Any CPU
		{C1A6268D-31A4-4397-8AD1-350C2E743F1E}.AppStore|iPhoneSimulator.ActiveCfg = Release|Any CPU
		{C1A6268D-31A4-4397-8AD1-350C2E743F1E}.AppStore|iPhoneSimulator.Build.0 = Release|Any CPU
		{C1A6268D-31A4-4397-8AD1-350C2E743F1E}.AppStore|x64.ActiveCfg = Release|Any CPU
		{C1A6268D-31A4-4397-8AD1-350C2E743F1E}.AppStore|x64.Build.0 = Release|Any CPU
		{C1A6268D-31A4-4397-8AD1-350C2E743F1E}.AppStore|x86.ActiveCfg = Release|Any CPU
		{C1A6268D-31A4-4397-8AD1-350C2E743F1E}.AppStore|x86.Build.0 = Release|Any CPU
		{C1A6268D-31A4-4397-8AD1-350C2E743F1E}.Debug|Any CPU.ActiveCfg = Debug|Any CPU
		{C1A6268D-31A4-4397-8AD1-350C2E743F1E}.Debug|Any CPU.Build.0 = Debug|Any CPU
		{C1A6268D-31A4-4397-8AD1-350C2E743F1E}.Debug|ARM.ActiveCfg = Debug|Any CPU
		{C1A6268D-31A4-4397-8AD1-350C2E743F1E}.Debug|ARM.Build.0 = Debug|Any CPU
		{C1A6268D-31A4-4397-8AD1-350C2E743F1E}.Debug|iPhone.ActiveCfg = Debug|Any CPU
		{C1A6268D-31A4-4397-8AD1-350C2E743F1E}.Debug|iPhone.Build.0 = Debug|Any CPU
		{C1A6268D-31A4-4397-8AD1-350C2E743F1E}.Debug|iPhoneSimulator.ActiveCfg = Debug|Any CPU
		{C1A6268D-31A4-4397-8AD1-350C2E743F1E}.Debug|iPhoneSimulator.Build.0 = Debug|Any CPU
		{C1A6268D-31A4-4397-8AD1-350C2E743F1E}.Debug|x64.ActiveCfg = Debug|Any CPU
		{C1A6268D-31A4-4397-8AD1-350C2E743F1E}.Debug|x64.Build.0 = Debug|Any CPU
		{C1A6268D-31A4-4397-8AD1-350C2E743F1E}.Debug|x86.ActiveCfg = Debug|Any CPU
		{C1A6268D-31A4-4397-8AD1-350C2E743F1E}.Debug|x86.Build.0 = Debug|Any CPU
		{C1A6268D-31A4-4397-8AD1-350C2E743F1E}.Release|Any CPU.ActiveCfg = Release|Any CPU
		{C1A6268D-31A4-4397-8AD1-350C2E743F1E}.Release|Any CPU.Build.0 = Release|Any CPU
		{C1A6268D-31A4-4397-8AD1-350C2E743F1E}.Release|ARM.ActiveCfg = Release|Any CPU
		{C1A6268D-31A4-4397-8AD1-350C2E743F1E}.Release|ARM.Build.0 = Release|Any CPU
		{C1A6268D-31A4-4397-8AD1-350C2E743F1E}.Release|iPhone.ActiveCfg = Release|Any CPU
		{C1A6268D-31A4-4397-8AD1-350C2E743F1E}.Release|iPhone.Build.0 = Release|Any CPU
		{C1A6268D-31A4-4397-8AD1-350C2E743F1E}.Release|iPhoneSimulator.ActiveCfg = Release|Any CPU
		{C1A6268D-31A4-4397-8AD1-350C2E743F1E}.Release|iPhoneSimulator.Build.0 = Release|Any CPU
		{C1A6268D-31A4-4397-8AD1-350C2E743F1E}.Release|x64.ActiveCfg = Release|Any CPU
		{C1A6268D-31A4-4397-8AD1-350C2E743F1E}.Release|x64.Build.0 = Release|Any CPU
		{C1A6268D-31A4-4397-8AD1-350C2E743F1E}.Release|x86.ActiveCfg = Release|Any CPU
		{C1A6268D-31A4-4397-8AD1-350C2E743F1E}.Release|x86.Build.0 = Release|Any CPU
		{F37C854C-5577-48E2-8303-7397D3C778B9}.Ad-Hoc|Any CPU.ActiveCfg = Release|x86
		{F37C854C-5577-48E2-8303-7397D3C778B9}.Ad-Hoc|Any CPU.Build.0 = Release|x86
		{F37C854C-5577-48E2-8303-7397D3C778B9}.Ad-Hoc|Any CPU.Deploy.0 = Release|x86
		{F37C854C-5577-48E2-8303-7397D3C778B9}.Ad-Hoc|ARM.ActiveCfg = Release|ARM
		{F37C854C-5577-48E2-8303-7397D3C778B9}.Ad-Hoc|ARM.Build.0 = Release|ARM
		{F37C854C-5577-48E2-8303-7397D3C778B9}.Ad-Hoc|ARM.Deploy.0 = Release|ARM
		{F37C854C-5577-48E2-8303-7397D3C778B9}.Ad-Hoc|iPhone.ActiveCfg = Release|x86
		{F37C854C-5577-48E2-8303-7397D3C778B9}.Ad-Hoc|iPhone.Build.0 = Release|x86
		{F37C854C-5577-48E2-8303-7397D3C778B9}.Ad-Hoc|iPhone.Deploy.0 = Release|x86
		{F37C854C-5577-48E2-8303-7397D3C778B9}.Ad-Hoc|iPhoneSimulator.ActiveCfg = Release|x86
		{F37C854C-5577-48E2-8303-7397D3C778B9}.Ad-Hoc|iPhoneSimulator.Build.0 = Release|x86
		{F37C854C-5577-48E2-8303-7397D3C778B9}.Ad-Hoc|iPhoneSimulator.Deploy.0 = Release|x86
		{F37C854C-5577-48E2-8303-7397D3C778B9}.Ad-Hoc|x64.ActiveCfg = Release|x64
		{F37C854C-5577-48E2-8303-7397D3C778B9}.Ad-Hoc|x64.Build.0 = Release|x64
		{F37C854C-5577-48E2-8303-7397D3C778B9}.Ad-Hoc|x64.Deploy.0 = Release|x64
		{F37C854C-5577-48E2-8303-7397D3C778B9}.Ad-Hoc|x86.ActiveCfg = Release|x86
		{F37C854C-5577-48E2-8303-7397D3C778B9}.Ad-Hoc|x86.Build.0 = Release|x86
		{F37C854C-5577-48E2-8303-7397D3C778B9}.Ad-Hoc|x86.Deploy.0 = Release|x86
		{F37C854C-5577-48E2-8303-7397D3C778B9}.AppStore|Any CPU.ActiveCfg = Release|x86
		{F37C854C-5577-48E2-8303-7397D3C778B9}.AppStore|Any CPU.Build.0 = Release|x86
		{F37C854C-5577-48E2-8303-7397D3C778B9}.AppStore|Any CPU.Deploy.0 = Release|x86
		{F37C854C-5577-48E2-8303-7397D3C778B9}.AppStore|ARM.ActiveCfg = Release|ARM
		{F37C854C-5577-48E2-8303-7397D3C778B9}.AppStore|ARM.Build.0 = Release|ARM
		{F37C854C-5577-48E2-8303-7397D3C778B9}.AppStore|ARM.Deploy.0 = Release|ARM
		{F37C854C-5577-48E2-8303-7397D3C778B9}.AppStore|iPhone.ActiveCfg = Release|x86
		{F37C854C-5577-48E2-8303-7397D3C778B9}.AppStore|iPhone.Build.0 = Release|x86
		{F37C854C-5577-48E2-8303-7397D3C778B9}.AppStore|iPhone.Deploy.0 = Release|x86
		{F37C854C-5577-48E2-8303-7397D3C778B9}.AppStore|iPhoneSimulator.ActiveCfg = Release|x86
		{F37C854C-5577-48E2-8303-7397D3C778B9}.AppStore|iPhoneSimulator.Build.0 = Release|x86
		{F37C854C-5577-48E2-8303-7397D3C778B9}.AppStore|iPhoneSimulator.Deploy.0 = Release|x86
		{F37C854C-5577-48E2-8303-7397D3C778B9}.AppStore|x64.ActiveCfg = Release|x64
		{F37C854C-5577-48E2-8303-7397D3C778B9}.AppStore|x64.Build.0 = Release|x64
		{F37C854C-5577-48E2-8303-7397D3C778B9}.AppStore|x64.Deploy.0 = Release|x64
		{F37C854C-5577-48E2-8303-7397D3C778B9}.AppStore|x86.ActiveCfg = Release|x86
		{F37C854C-5577-48E2-8303-7397D3C778B9}.AppStore|x86.Build.0 = Release|x86
		{F37C854C-5577-48E2-8303-7397D3C778B9}.AppStore|x86.Deploy.0 = Release|x86
		{F37C854C-5577-48E2-8303-7397D3C778B9}.Debug|Any CPU.ActiveCfg = Debug|x86
		{F37C854C-5577-48E2-8303-7397D3C778B9}.Debug|ARM.ActiveCfg = Debug|ARM
		{F37C854C-5577-48E2-8303-7397D3C778B9}.Debug|ARM.Build.0 = Debug|ARM
		{F37C854C-5577-48E2-8303-7397D3C778B9}.Debug|ARM.Deploy.0 = Debug|ARM
		{F37C854C-5577-48E2-8303-7397D3C778B9}.Debug|iPhone.ActiveCfg = Debug|x86
		{F37C854C-5577-48E2-8303-7397D3C778B9}.Debug|iPhoneSimulator.ActiveCfg = Debug|x86
		{F37C854C-5577-48E2-8303-7397D3C778B9}.Debug|x64.ActiveCfg = Debug|x64
		{F37C854C-5577-48E2-8303-7397D3C778B9}.Debug|x64.Build.0 = Debug|x64
		{F37C854C-5577-48E2-8303-7397D3C778B9}.Debug|x64.Deploy.0 = Debug|x64
		{F37C854C-5577-48E2-8303-7397D3C778B9}.Debug|x86.ActiveCfg = Debug|x86
		{F37C854C-5577-48E2-8303-7397D3C778B9}.Debug|x86.Build.0 = Debug|x86
		{F37C854C-5577-48E2-8303-7397D3C778B9}.Debug|x86.Deploy.0 = Debug|x86
		{F37C854C-5577-48E2-8303-7397D3C778B9}.Release|Any CPU.ActiveCfg = Release|x86
		{F37C854C-5577-48E2-8303-7397D3C778B9}.Release|ARM.ActiveCfg = Release|ARM
		{F37C854C-5577-48E2-8303-7397D3C778B9}.Release|ARM.Build.0 = Release|ARM
		{F37C854C-5577-48E2-8303-7397D3C778B9}.Release|ARM.Deploy.0 = Release|ARM
		{F37C854C-5577-48E2-8303-7397D3C778B9}.Release|iPhone.ActiveCfg = Release|x86
		{F37C854C-5577-48E2-8303-7397D3C778B9}.Release|iPhoneSimulator.ActiveCfg = Release|x86
		{F37C854C-5577-48E2-8303-7397D3C778B9}.Release|x64.ActiveCfg = Release|x64
		{F37C854C-5577-48E2-8303-7397D3C778B9}.Release|x64.Build.0 = Release|x64
		{F37C854C-5577-48E2-8303-7397D3C778B9}.Release|x64.Deploy.0 = Release|x64
		{F37C854C-5577-48E2-8303-7397D3C778B9}.Release|x86.ActiveCfg = Release|x86
		{F37C854C-5577-48E2-8303-7397D3C778B9}.Release|x86.Build.0 = Release|x86
		{F37C854C-5577-48E2-8303-7397D3C778B9}.Release|x86.Deploy.0 = Release|x86
		{5CB66401-8C3C-49BD-A105-CA3A9288D616}.Ad-Hoc|Any CPU.ActiveCfg = Ad-Hoc|iPhone
		{5CB66401-8C3C-49BD-A105-CA3A9288D616}.Ad-Hoc|ARM.ActiveCfg = Ad-Hoc|iPhone
		{5CB66401-8C3C-49BD-A105-CA3A9288D616}.Ad-Hoc|iPhone.ActiveCfg = Ad-Hoc|iPhone
		{5CB66401-8C3C-49BD-A105-CA3A9288D616}.Ad-Hoc|iPhone.Build.0 = Ad-Hoc|iPhone
		{5CB66401-8C3C-49BD-A105-CA3A9288D616}.Ad-Hoc|iPhoneSimulator.ActiveCfg = Ad-Hoc|iPhoneSimulator
		{5CB66401-8C3C-49BD-A105-CA3A9288D616}.Ad-Hoc|iPhoneSimulator.Build.0 = Ad-Hoc|iPhoneSimulator
		{5CB66401-8C3C-49BD-A105-CA3A9288D616}.Ad-Hoc|x64.ActiveCfg = Ad-Hoc|iPhone
		{5CB66401-8C3C-49BD-A105-CA3A9288D616}.Ad-Hoc|x86.ActiveCfg = Ad-Hoc|iPhone
		{5CB66401-8C3C-49BD-A105-CA3A9288D616}.AppStore|Any CPU.ActiveCfg = AppStore|iPhone
		{5CB66401-8C3C-49BD-A105-CA3A9288D616}.AppStore|ARM.ActiveCfg = AppStore|iPhone
		{5CB66401-8C3C-49BD-A105-CA3A9288D616}.AppStore|iPhone.ActiveCfg = AppStore|iPhone
		{5CB66401-8C3C-49BD-A105-CA3A9288D616}.AppStore|iPhone.Build.0 = AppStore|iPhone
		{5CB66401-8C3C-49BD-A105-CA3A9288D616}.AppStore|iPhoneSimulator.ActiveCfg = AppStore|iPhoneSimulator
		{5CB66401-8C3C-49BD-A105-CA3A9288D616}.AppStore|iPhoneSimulator.Build.0 = AppStore|iPhoneSimulator
		{5CB66401-8C3C-49BD-A105-CA3A9288D616}.AppStore|x64.ActiveCfg = AppStore|iPhone
		{5CB66401-8C3C-49BD-A105-CA3A9288D616}.AppStore|x86.ActiveCfg = AppStore|iPhone
		{5CB66401-8C3C-49BD-A105-CA3A9288D616}.Debug|Any CPU.ActiveCfg = Debug|iPhone
		{5CB66401-8C3C-49BD-A105-CA3A9288D616}.Debug|ARM.ActiveCfg = Debug|iPhone
		{5CB66401-8C3C-49BD-A105-CA3A9288D616}.Debug|iPhone.ActiveCfg = Debug|iPhone
		{5CB66401-8C3C-49BD-A105-CA3A9288D616}.Debug|iPhone.Build.0 = Debug|iPhone
		{5CB66401-8C3C-49BD-A105-CA3A9288D616}.Debug|iPhoneSimulator.ActiveCfg = Debug|iPhoneSimulator
		{5CB66401-8C3C-49BD-A105-CA3A9288D616}.Debug|iPhoneSimulator.Build.0 = Debug|iPhoneSimulator
		{5CB66401-8C3C-49BD-A105-CA3A9288D616}.Debug|x64.ActiveCfg = Debug|iPhone
		{5CB66401-8C3C-49BD-A105-CA3A9288D616}.Debug|x86.ActiveCfg = Debug|iPhone
		{5CB66401-8C3C-49BD-A105-CA3A9288D616}.Release|Any CPU.ActiveCfg = Release|iPhone
		{5CB66401-8C3C-49BD-A105-CA3A9288D616}.Release|ARM.ActiveCfg = Release|iPhone
		{5CB66401-8C3C-49BD-A105-CA3A9288D616}.Release|iPhone.ActiveCfg = Release|iPhone
		{5CB66401-8C3C-49BD-A105-CA3A9288D616}.Release|iPhone.Build.0 = Release|iPhone
		{5CB66401-8C3C-49BD-A105-CA3A9288D616}.Release|iPhoneSimulator.ActiveCfg = Release|iPhoneSimulator
		{5CB66401-8C3C-49BD-A105-CA3A9288D616}.Release|iPhoneSimulator.Build.0 = Release|iPhoneSimulator
		{5CB66401-8C3C-49BD-A105-CA3A9288D616}.Release|x64.ActiveCfg = Release|iPhone
		{5CB66401-8C3C-49BD-A105-CA3A9288D616}.Release|x86.ActiveCfg = Release|iPhone
	EndGlobalSection
	GlobalSection(SolutionProperties) = preSolution
		HideSolutionNode = FALSE
	EndGlobalSection
EndGlobal
